
Microsoft Visual Studio Solution File, Format Version 12.00
Project("{FAE04EC0-301F-11D3-BF4B-00C04F79EFBC}") = "WebTick", "WebTick\WebTick.csproj", "{1D41AD7E-9BA7-486C-BF7C-764F856E2387}"
EndProject
Project("{2150E333-8FDC-42A3-9474-1A3956D46DE8}") = "Presentation", "Presentation", "{0C65F07C-38F0-41C1-A159-038C36538CA2}"
EndProject
Project("{2150E333-8FDC-42A3-9474-1A3956D46DE8}") = "Domain", "Domain", "{7E2B1E10-E877-4142-A38F-3CA0A9E321B3}"
EndProject
Project("{2150E333-8FDC-42A3-9474-1A3956D46DE8}") = "API", "API", "{6AEC35BA-301E-4AE4-B3B7-47F89E93C48D}"
EndProject
Project("{2150E333-8FDC-42A3-9474-1A3956D46DE8}") = "Infraestructure", "Infraestructure", "{3013A227-AFDB-405D-998D-2EFF695912B9}"
EndProject
Project("{2150E333-8FDC-42A3-9474-1A3956D46DE8}") = "Application", "Application", "{4EA4C62E-264C-404E-ABE7-F840A183E967}"
EndProject
Project("{FAE04EC0-301F-11D3-BF4B-00C04F79EFBC}") = "Models", "Models\Models.csproj", "{2D04268A-B298-4304-B297-B159B06EC753}"
EndProject
Project("{FAE04EC0-301F-11D3-BF4B-00C04F79EFBC}") = "Data", "Data\Data.csproj", "{CD360E10-A4B6-4CD2-9ABF-9ECDD7ED458F}"
EndProject
Project("{FAE04EC0-301F-11D3-BF4B-00C04F79EFBC}") = "Application", "Application\Application.csproj", "{B416EEF0-4056-48BC-BFCD-47B02C431716}"
EndProject
Project("{FAE04EC0-301F-11D3-BF4B-00C04F79EFBC}") = "Api", "Api\Api.csproj", "{2A9416F4-E845-4E59-8D57-D4277DDBBA0B}"
EndProject
Global
	GlobalSection(SolutionConfigurationPlatforms) = preSolution
		Debug|Any CPU = Debug|Any CPU
		Release|Any CPU = Release|Any CPU
	EndGlobalSection
	GlobalSection(ProjectConfigurationPlatforms) = postSolution
		{1D41AD7E-9BA7-486C-BF7C-764F856E2387}.Debug|Any CPU.ActiveCfg = Debug|Any CPU
		{1D41AD7E-9BA7-486C-BF7C-764F856E2387}.Debug|Any CPU.Build.0 = Debug|Any CPU
		{1D41AD7E-9BA7-486C-BF7C-764F856E2387}.Release|Any CPU.ActiveCfg = Release|Any CPU
		{1D41AD7E-9BA7-486C-BF7C-764F856E2387}.Release|Any CPU.Build.0 = Release|Any CPU
		{2D04268A-B298-4304-B297-B159B06EC753}.Debug|Any CPU.ActiveCfg = Debug|Any CPU
		{2D04268A-B298-4304-B297-B159B06EC753}.Debug|Any CPU.Build.0 = Debug|Any CPU
		{2D04268A-B298-4304-B297-B159B06EC753}.Release|Any CPU.ActiveCfg = Release|Any CPU
		{2D04268A-B298-4304-B297-B159B06EC753}.Release|Any CPU.Build.0 = Release|Any CPU
		{CD360E10-A4B6-4CD2-9ABF-9ECDD7ED458F}.Debug|Any CPU.ActiveCfg = Debug|Any CPU
		{CD360E10-A4B6-4CD2-9ABF-9ECDD7ED458F}.Debug|Any CPU.Build.0 = Debug|Any CPU
		{CD360E10-A4B6-4CD2-9ABF-9ECDD7ED458F}.Release|Any CPU.ActiveCfg = Release|Any CPU
		{CD360E10-A4B6-4CD2-9ABF-9ECDD7ED458F}.Release|Any CPU.Build.0 = Release|Any CPU
		{B416EEF0-4056-48BC-BFCD-47B02C431716}.Debug|Any CPU.ActiveCfg = Debug|Any CPU
		{B416EEF0-4056-48BC-BFCD-47B02C431716}.Debug|Any CPU.Build.0 = Debug|Any CPU
		{B416EEF0-4056-48BC-BFCD-47B02C431716}.Release|Any CPU.ActiveCfg = Release|Any CPU
		{B416EEF0-4056-48BC-BFCD-47B02C431716}.Release|Any CPU.Build.0 = Release|Any CPU
		{2A9416F4-E845-4E59-8D57-D4277DDBBA0B}.Debug|Any CPU.ActiveCfg = Debug|Any CPU
		{2A9416F4-E845-4E59-8D57-D4277DDBBA0B}.Debug|Any CPU.Build.0 = Debug|Any CPU
		{2A9416F4-E845-4E59-8D57-D4277DDBBA0B}.Release|Any CPU.ActiveCfg = Release|Any CPU
		{2A9416F4-E845-4E59-8D57-D4277DDBBA0B}.Release|Any CPU.Build.0 = Release|Any CPU
	EndGlobalSection
	GlobalSection(NestedProjects) = preSolution
		{1D41AD7E-9BA7-486C-BF7C-764F856E2387} = {0C65F07C-38F0-41C1-A159-038C36538CA2}
		{2D04268A-B298-4304-B297-B159B06EC753} = {7E2B1E10-E877-4142-A38F-3CA0A9E321B3}
		{CD360E10-A4B6-4CD2-9ABF-9ECDD7ED458F} = {3013A227-AFDB-405D-998D-2EFF695912B9}
		{B416EEF0-4056-48BC-BFCD-47B02C431716} = {4EA4C62E-264C-404E-ABE7-F840A183E967}
		{2A9416F4-E845-4E59-8D57-D4277DDBBA0B} = {6AEC35BA-301E-4AE4-B3B7-47F89E93C48D}
	EndGlobalSection
EndGlobal
